// !$*UTF8*$!
{
	archiveVersion = 1;
	classes = {
	};
	objectVersion = 56;
	objects = {

/* Begin PBXBuildFile section */
		BA5DC8D42CD16B5500B4F6DD /* picFindApp.swift in Sources */ = {isa = PBXBuildFile; fileRef = BA5DC8D32CD16B5500B4F6DD /* picFindApp.swift */; };
		BA5DC8D62CD16B5500B4F6DD /* ContentView.swift in Sources */ = {isa = PBXBuildFile; fileRef = BA5DC8D52CD16B5500B4F6DD /* ContentView.swift */; };
		BA5DC8D82CD16B5500B4F6DD /* Item.swift in Sources */ = {isa = PBXBuildFile; fileRef = BA5DC8D72CD16B5500B4F6DD /* Item.swift */; };
		BA5DC8DA2CD16B5700B4F6DD /* Assets.xcassets in Resources */ = {isa = PBXBuildFile; fileRef = BA5DC8D92CD16B5700B4F6DD /* Assets.xcassets */; };
		BA5DC8DE2CD16B5700B4F6DD /* Preview Assets.xcassets in Resources */ = {isa = PBXBuildFile; fileRef = BA5DC8DD2CD16B5700B4F6DD /* Preview Assets.xcassets */; };
		BA5DC8E82CD16B5700B4F6DD /* picFindTests.swift in Sources */ = {isa = PBXBuildFile; fileRef = BA5DC8E72CD16B5700B4F6DD /* picFindTests.swift */; };
		BA5DC8F22CD16B5700B4F6DD /* picFindUITests.swift in Sources */ = {isa = PBXBuildFile; fileRef = BA5DC8F12CD16B5700B4F6DD /* picFindUITests.swift */; };
		BA5DC8F42CD16B5700B4F6DD /* picFindUITestsLaunchTests.swift in Sources */ = {isa = PBXBuildFile; fileRef = BA5DC8F32CD16B5700B4F6DD /* picFindUITestsLaunchTests.swift */; };
		BA5DC90B2CD1A5FA00B4F6DD /* ApiServices in Frameworks */ = {isa = PBXBuildFile; productRef = BA5DC90A2CD1A5FA00B4F6DD /* ApiServices */; };
		BA92758A2CD2C4BD003CA3CC /* AppStorage in Frameworks */ = {isa = PBXBuildFile; productRef = BA9275892CD2C4BD003CA3CC /* AppStorage */; };
/* End PBXBuildFile section */

/* Begin PBXContainerItemProxy section */
		BA5DC8E42CD16B5700B4F6DD /* PBXContainerItemProxy */ = {
			isa = PBXContainerItemProxy;
			containerPortal = BA5DC8C82CD16B5500B4F6DD /* Project object */;
			proxyType = 1;
			remoteGlobalIDString = BA5DC8CF2CD16B5500B4F6DD;
			remoteInfo = picFind;
		};
		BA5DC8EE2CD16B5700B4F6DD /* PBXContainerItemProxy */ = {
			isa = PBXContainerItemProxy;
			containerPortal = BA5DC8C82CD16B5500B4F6DD /* Project object */;
			proxyType = 1;
			remoteGlobalIDString = BA5DC8CF2CD16B5500B4F6DD;
			remoteInfo = picFind;
		};
/* End PBXContainerItemProxy section */

/* Begin PBXFileReference section */
		BA5DC8D02CD16B5500B4F6DD /* picFind.app */ = {isa = PBXFileReference; explicitFileType = wrapper.application; includeInIndex = 0; path = picFind.app; sourceTree = BUILT_PRODUCTS_DIR; };
		BA5DC8D32CD16B5500B4F6DD /* picFindApp.swift */ = {isa = PBXFileReference; lastKnownFileType = sourcecode.swift; path = picFindApp.swift; sourceTree = "<group>"; };
		BA5DC8D52CD16B5500B4F6DD /* ContentView.swift */ = {isa = PBXFileReference; lastKnownFileType = sourcecode.swift; path = ContentView.swift; sourceTree = "<group>"; };
		BA5DC8D72CD16B5500B4F6DD /* Item.swift */ = {isa = PBXFileReference; lastKnownFileType = sourcecode.swift; path = Item.swift; sourceTree = "<group>"; };
		BA5DC8D92CD16B5700B4F6DD /* Assets.xcassets */ = {isa = PBXFileReference; lastKnownFileType = folder.assetcatalog; path = Assets.xcassets; sourceTree = "<group>"; };
		BA5DC8DB2CD16B5700B4F6DD /* picFind.entitlements */ = {isa = PBXFileReference; lastKnownFileType = text.plist.entitlements; path = picFind.entitlements; sourceTree = "<group>"; };
		BA5DC8DD2CD16B5700B4F6DD /* Preview Assets.xcassets */ = {isa = PBXFileReference; lastKnownFileType = folder.assetcatalog; path = "Preview Assets.xcassets"; sourceTree = "<group>"; };
		BA5DC8E32CD16B5700B4F6DD /* picFindTests.xctest */ = {isa = PBXFileReference; explicitFileType = wrapper.cfbundle; includeInIndex = 0; path = picFindTests.xctest; sourceTree = BUILT_PRODUCTS_DIR; };
		BA5DC8E72CD16B5700B4F6DD /* picFindTests.swift */ = {isa = PBXFileReference; lastKnownFileType = sourcecode.swift; path = picFindTests.swift; sourceTree = "<group>"; };
		BA5DC8ED2CD16B5700B4F6DD /* picFindUITests.xctest */ = {isa = PBXFileReference; explicitFileType = wrapper.cfbundle; includeInIndex = 0; path = picFindUITests.xctest; sourceTree = BUILT_PRODUCTS_DIR; };
		BA5DC8F12CD16B5700B4F6DD /* picFindUITests.swift */ = {isa = PBXFileReference; lastKnownFileType = sourcecode.swift; path = picFindUITests.swift; sourceTree = "<group>"; };
		BA5DC8F32CD16B5700B4F6DD /* picFindUITestsLaunchTests.swift */ = {isa = PBXFileReference; lastKnownFileType = sourcecode.swift; path = picFindUITestsLaunchTests.swift; sourceTree = "<group>"; };
		BA5DC9072CD1A47E00B4F6DD /* Info.plist */ = {isa = PBXFileReference; lastKnownFileType = text.plist; path = Info.plist; sourceTree = "<group>"; };
		BA5DC9092CD1A53D00B4F6DD /* Packages */ = {isa = PBXFileReference; lastKnownFileType = text; path = Packages; sourceTree = SOURCE_ROOT; };
/* End PBXFileReference section */

/* Begin PBXFrameworksBuildPhase section */
		BA5DC8CD2CD16B5500B4F6DD /* Frameworks */ = {
			isa = PBXFrameworksBuildPhase;
			buildActionMask = 2147483647;
			files = (
				BA92758A2CD2C4BD003CA3CC /* AppStorage in Frameworks */,
				BA5DC90B2CD1A5FA00B4F6DD /* ApiServices in Frameworks */,
			);
			runOnlyForDeploymentPostprocessing = 0;
		};
		BA5DC8E02CD16B5700B4F6DD /* Frameworks */ = {
			isa = PBXFrameworksBuildPhase;
			buildActionMask = 2147483647;
			files = (
			);
			runOnlyForDeploymentPostprocessing = 0;
		};
		BA5DC8EA2CD16B5700B4F6DD /* Frameworks */ = {
			isa = PBXFrameworksBuildPhase;
			buildActionMask = 2147483647;
			files = (
			);
			runOnlyForDeploymentPostprocessing = 0;
		};
/* End PBXFrameworksBuildPhase section */

/* Begin PBXGroup section */
		BA5DC8C72CD16B5500B4F6DD = {
			isa = PBXGroup;
			children = (
				BA5DC8D22CD16B5500B4F6DD /* picFind */,
				BA5DC8E62CD16B5700B4F6DD /* picFindTests */,
				BA5DC8F02CD16B5700B4F6DD /* picFindUITests */,
				BA5DC8D12CD16B5500B4F6DD /* Products */,
				BA5DC9042CD1787900B4F6DD /* Frameworks */,
			);
			sourceTree = "<group>";
		};
		BA5DC8D12CD16B5500B4F6DD /* Products */ = {
			isa = PBXGroup;
			children = (
				BA5DC8D02CD16B5500B4F6DD /* picFind.app */,
				BA5DC8E32CD16B5700B4F6DD /* picFindTests.xctest */,
				BA5DC8ED2CD16B5700B4F6DD /* picFindUITests.xctest */,
			);
			name = Products;
			sourceTree = "<group>";
		};
		BA5DC8D22CD16B5500B4F6DD /* picFind */ = {
			isa = PBXGroup;
			children = (
				BA5DC9082CD1A4F000B4F6DD /* AppLibraries */,
				BA5DC9072CD1A47E00B4F6DD /* Info.plist */,
				BA5DC8D32CD16B5500B4F6DD /* picFindApp.swift */,
				BA5DC8D52CD16B5500B4F6DD /* ContentView.swift */,
				BA5DC8D72CD16B5500B4F6DD /* Item.swift */,
				BA5DC8D92CD16B5700B4F6DD /* Assets.xcassets */,
				BA5DC8DB2CD16B5700B4F6DD /* picFind.entitlements */,
				BA5DC8DC2CD16B5700B4F6DD /* Preview Content */,
			);
			path = picFind;
			sourceTree = "<group>";
		};
		BA5DC8DC2CD16B5700B4F6DD /* Preview Content */ = {
			isa = PBXGroup;
			children = (
				BA5DC8DD2CD16B5700B4F6DD /* Preview Assets.xcassets */,
			);
			path = "Preview Content";
			sourceTree = "<group>";
		};
		BA5DC8E62CD16B5700B4F6DD /* picFindTests */ = {
			isa = PBXGroup;
			children = (
				BA5DC8E72CD16B5700B4F6DD /* picFindTests.swift */,
			);
			path = picFindTests;
			sourceTree = "<group>";
		};
		BA5DC8F02CD16B5700B4F6DD /* picFindUITests */ = {
			isa = PBXGroup;
			children = (
				BA5DC8F12CD16B5700B4F6DD /* picFindUITests.swift */,
				BA5DC8F32CD16B5700B4F6DD /* picFindUITestsLaunchTests.swift */,
			);
			path = picFindUITests;
			sourceTree = "<group>";
		};
		BA5DC9042CD1787900B4F6DD /* Frameworks */ = {
			isa = PBXGroup;
			children = (
			);
			name = Frameworks;
			sourceTree = "<group>";
		};
		BA5DC9082CD1A4F000B4F6DD /* AppLibraries */ = {
			isa = PBXGroup;
			children = (
				BA5DC9092CD1A53D00B4F6DD /* Packages */,
			);
			path = AppLibraries;
			sourceTree = "<group>";
		};
/* End PBXGroup section */

/* Begin PBXNativeTarget section */
		BA5DC8CF2CD16B5500B4F6DD /* picFind */ = {
			isa = PBXNativeTarget;
			buildConfigurationList = BA5DC8F72CD16B5700B4F6DD /* Build configuration list for PBXNativeTarget "picFind" */;
			buildPhases = (
				BA5DC8CC2CD16B5500B4F6DD /* Sources */,
				BA5DC8CD2CD16B5500B4F6DD /* Frameworks */,
				BA5DC8CE2CD16B5500B4F6DD /* Resources */,
			);
			buildRules = (
			);
			dependencies = (
			);
			name = picFind;
			packageProductDependencies = (
				BA5DC90A2CD1A5FA00B4F6DD /* ApiServices */,
				BA9275892CD2C4BD003CA3CC /* AppStorage */,
			);
			productName = picFind;
			productReference = BA5DC8D02CD16B5500B4F6DD /* picFind.app */;
			productType = "com.apple.product-type.application";
		};
		BA5DC8E22CD16B5700B4F6DD /* picFindTests */ = {
			isa = PBXNativeTarget;
			buildConfigurationList = BA5DC8FA2CD16B5700B4F6DD /* Build configuration list for PBXNativeTarget "picFindTests" */;
			buildPhases = (
				BA5DC8DF2CD16B5700B4F6DD /* Sources */,
				BA5DC8E02CD16B5700B4F6DD /* Frameworks */,
				BA5DC8E12CD16B5700B4F6DD /* Resources */,
			);
			buildRules = (
			);
			dependencies = (
				BA5DC8E52CD16B5700B4F6DD /* PBXTargetDependency */,
			);
			name = picFindTests;
			productName = picFindTests;
			productReference = BA5DC8E32CD16B5700B4F6DD /* picFindTests.xctest */;
			productType = "com.apple.product-type.bundle.unit-test";
		};
		BA5DC8EC2CD16B5700B4F6DD /* picFindUITests */ = {
			isa = PBXNativeTarget;
			buildConfigurationList = BA5DC8FD2CD16B5700B4F6DD /* Build configuration list for PBXNativeTarget "picFindUITests" */;
			buildPhases = (
				BA5DC8E92CD16B5700B4F6DD /* Sources */,
				BA5DC8EA2CD16B5700B4F6DD /* Frameworks */,
				BA5DC8EB2CD16B5700B4F6DD /* Resources */,
			);
			buildRules = (
			);
			dependencies = (
				BA5DC8EF2CD16B5700B4F6DD /* PBXTargetDependency */,
			);
			name = picFindUITests;
			productName = picFindUITests;
			productReference = BA5DC8ED2CD16B5700B4F6DD /* picFindUITests.xctest */;
			productType = "com.apple.product-type.bundle.ui-testing";
		};
/* End PBXNativeTarget section */

/* Begin PBXProject section */
		BA5DC8C82CD16B5500B4F6DD /* Project object */ = {
			isa = PBXProject;
			attributes = {
				BuildIndependentTargetsInParallel = 1;
				LastSwiftUpdateCheck = 1520;
				LastUpgradeCheck = 1520;
				TargetAttributes = {
					BA5DC8CF2CD16B5500B4F6DD = {
						CreatedOnToolsVersion = 15.2;
					};
					BA5DC8E22CD16B5700B4F6DD = {
						CreatedOnToolsVersion = 15.2;
						TestTargetID = BA5DC8CF2CD16B5500B4F6DD;
					};
					BA5DC8EC2CD16B5700B4F6DD = {
						CreatedOnToolsVersion = 15.2;
						TestTargetID = BA5DC8CF2CD16B5500B4F6DD;
					};
				};
			};
			buildConfigurationList = BA5DC8CB2CD16B5500B4F6DD /* Build configuration list for PBXProject "picFind" */;
			compatibilityVersion = "Xcode 14.0";
			developmentRegion = en;
			hasScannedForEncodings = 0;
			knownRegions = (
				en,
				Base,
			);
			mainGroup = BA5DC8C72CD16B5500B4F6DD;
			productRefGroup = BA5DC8D12CD16B5500B4F6DD /* Products */;
			projectDirPath = "";
			projectRoot = "";
			targets = (
				BA5DC8CF2CD16B5500B4F6DD /* picFind */,
				BA5DC8E22CD16B5700B4F6DD /* picFindTests */,
				BA5DC8EC2CD16B5700B4F6DD /* picFindUITests */,
			);
		};
/* End PBXProject section */

/* Begin PBXResourcesBuildPhase section */
		BA5DC8CE2CD16B5500B4F6DD /* Resources */ = {
			isa = PBXResourcesBuildPhase;
			buildActionMask = 2147483647;
			files = (
				BA5DC8DE2CD16B5700B4F6DD /* Preview Assets.xcassets in Resources */,
				BA5DC8DA2CD16B5700B4F6DD /* Assets.xcassets in Resources */,
			);
			runOnlyForDeploymentPostprocessing = 0;
		};
		BA5DC8E12CD16B5700B4F6DD /* Resources */ = {
			isa = PBXResourcesBuildPhase;
			buildActionMask = 2147483647;
			files = (
			);
			runOnlyForDeploymentPostprocessing = 0;
		};
		BA5DC8EB2CD16B5700B4F6DD /* Resources */ = {
			isa = PBXResourcesBuildPhase;
			buildActionMask = 2147483647;
			files = (
			);
			runOnlyForDeploymentPostprocessing = 0;
		};
/* End PBXResourcesBuildPhase section */

/* Begin PBXSourcesBuildPhase section */
		BA5DC8CC2CD16B5500B4F6DD /* Sources */ = {
			isa = PBXSourcesBuildPhase;
			buildActionMask = 2147483647;
			files = (
				BA5DC8D62CD16B5500B4F6DD /* ContentView.swift in Sources */,
				BA5DC8D82CD16B5500B4F6DD /* Item.swift in Sources */,
				BA5DC8D42CD16B5500B4F6DD /* picFindApp.swift in Sources */,
			);
			runOnlyForDeploymentPostprocessing = 0;
		};
		BA5DC8DF2CD16B5700B4F6DD /* Sources */ = {
			isa = PBXSourcesBuildPhase;
			buildActionMask = 2147483647;
			files = (
				BA5DC8E82CD16B5700B4F6DD /* picFindTests.swift in Sources */,
			);
			runOnlyForDeploymentPostprocessing = 0;
		};
		BA5DC8E92CD16B5700B4F6DD /* Sources */ = {
			isa = PBXSourcesBuildPhase;
			buildActionMask = 2147483647;
			files = (
				BA5DC8F42CD16B5700B4F6DD /* picFindUITestsLaunchTests.swift in Sources */,
				BA5DC8F22CD16B5700B4F6DD /* picFindUITests.swift in Sources */,
			);
			runOnlyForDeploymentPostprocessing = 0;
		};
/* End PBXSourcesBuildPhase section */

/* Begin PBXTargetDependency section */
		BA5DC8E52CD16B5700B4F6DD /* PBXTargetDependency */ = {
			isa = PBXTargetDependency;
			target = BA5DC8CF2CD16B5500B4F6DD /* picFind */;
			targetProxy = BA5DC8E42CD16B5700B4F6DD /* PBXContainerItemProxy */;
		};
		BA5DC8EF2CD16B5700B4F6DD /* PBXTargetDependency */ = {
			isa = PBXTargetDependency;
			target = BA5DC8CF2CD16B5500B4F6DD /* picFind */;
			targetProxy = BA5DC8EE2CD16B5700B4F6DD /* PBXContainerItemProxy */;
		};
/* End PBXTargetDependency section */

/* Begin XCBuildConfiguration section */
		BA5DC8F52CD16B5700B4F6DD /* Debug */ = {
			isa = XCBuildConfiguration;
			buildSettings = {
				ALWAYS_SEARCH_USER_PATHS = NO;
				ASSETCATALOG_COMPILER_GENERATE_SWIFT_ASSET_SYMBOL_EXTENSIONS = YES;
				CLANG_ANALYZER_NONNULL = YES;
				CLANG_ANALYZER_NUMBER_OBJECT_CONVERSION = YES_AGGRESSIVE;
				CLANG_CXX_LANGUAGE_STANDARD = "gnu++20";
				CLANG_ENABLE_MODULES = YES;
				CLANG_ENABLE_OBJC_ARC = YES;
				CLANG_ENABLE_OBJC_WEAK = YES;
				CLANG_WARN_BLOCK_CAPTURE_AUTORELEASING = YES;
				CLANG_WARN_BOOL_CONVERSION = YES;
				CLANG_WARN_COMMA = YES;
				CLANG_WARN_CONSTANT_CONVERSION = YES;
				CLANG_WARN_DEPRECATED_OBJC_IMPLEMENTATIONS = YES;
				CLANG_WARN_DIRECT_OBJC_ISA_USAGE = YES_ERROR;
				CLANG_WARN_DOCUMENTATION_COMMENTS = YES;
				CLANG_WARN_EMPTY_BODY = YES;
				CLANG_WARN_ENUM_CONVERSION = YES;
				CLANG_WARN_INFINITE_RECURSION = YES;
				CLANG_WARN_INT_CONVERSION = YES;
				CLANG_WARN_NON_LITERAL_NULL_CONVERSION = YES;
				CLANG_WARN_OBJC_IMPLICIT_RETAIN_SELF = YES;
				CLANG_WARN_OBJC_LITERAL_CONVERSION = YES;
				CLANG_WARN_OBJC_ROOT_CLASS = YES_ERROR;
				CLANG_WARN_QUOTED_INCLUDE_IN_FRAMEWORK_HEADER = YES;
				CLANG_WARN_RANGE_LOOP_ANALYSIS = YES;
				CLANG_WARN_STRICT_PROTOTYPES = YES;
				CLANG_WARN_SUSPICIOUS_MOVE = YES;
				CLANG_WARN_UNGUARDED_AVAILABILITY = YES_AGGRESSIVE;
				CLANG_WARN_UNREACHABLE_CODE = YES;
				CLANG_WARN__DUPLICATE_METHOD_MATCH = YES;
				COPY_PHASE_STRIP = NO;
				DEBUG_INFORMATION_FORMAT = dwarf;
				ENABLE_STRICT_OBJC_MSGSEND = YES;
				ENABLE_TESTABILITY = YES;
				ENABLE_USER_SCRIPT_SANDBOXING = YES;
				GCC_C_LANGUAGE_STANDARD = gnu17;
				GCC_DYNAMIC_NO_PIC = NO;
				GCC_NO_COMMON_BLOCKS = YES;
				GCC_OPTIMIZATION_LEVEL = 0;
				GCC_PREPROCESSOR_DEFINITIONS = (
					"DEBUG=1",
					"$(inherited)",
				);
				GCC_WARN_64_TO_32_BIT_CONVERSION = YES;
				GCC_WARN_ABOUT_RETURN_TYPE = YES_ERROR;
				GCC_WARN_UNDECLARED_SELECTOR = YES;
				GCC_WARN_UNINITIALIZED_AUTOS = YES_AGGRESSIVE;
				GCC_WARN_UNUSED_FUNCTION = YES;
				GCC_WARN_UNUSED_VARIABLE = YES;
				LOCALIZATION_PREFERS_STRING_CATALOGS = YES;
				MTL_ENABLE_DEBUG_INFO = INCLUDE_SOURCE;
				MTL_FAST_MATH = YES;
				ONLY_ACTIVE_ARCH = YES;
				SWIFT_ACTIVE_COMPILATION_CONDITIONS = "DEBUG $(inherited)";
				SWIFT_OPTIMIZATION_LEVEL = "-Onone";
			};
			name = Debug;
		};
		BA5DC8F62CD16B5700B4F6DD /* Release */ = {
			isa = XCBuildConfiguration;
			buildSettings = {
				ALWAYS_SEARCH_USER_PATHS = NO;
				ASSETCATALOG_COMPILER_GENERATE_SWIFT_ASSET_SYMBOL_EXTENSIONS = YES;
				CLANG_ANALYZER_NONNULL = YES;
				CLANG_ANALYZER_NUMBER_OBJECT_CONVERSION = YES_AGGRESSIVE;
				CLANG_CXX_LANGUAGE_STANDARD = "gnu++20";
				CLANG_ENABLE_MODULES = YES;
				CLANG_ENABLE_OBJC_ARC = YES;
				CLANG_ENABLE_OBJC_WEAK = YES;
				CLANG_WARN_BLOCK_CAPTURE_AUTORELEASING = YES;
				CLANG_WARN_BOOL_CONVERSION = YES;
				CLANG_WARN_COMMA = YES;
				CLANG_WARN_CONSTANT_CONVERSION = YES;
				CLANG_WARN_DEPRECATED_OBJC_IMPLEMENTATIONS = YES;
				CLANG_WARN_DIRECT_OBJC_ISA_USAGE = YES_ERROR;
				CLANG_WARN_DOCUMENTATION_COMMENTS = YES;
				CLANG_WARN_EMPTY_BODY = YES;
				CLANG_WARN_ENUM_CONVERSION = YES;
				CLANG_WARN_INFINITE_RECURSION = YES;
				CLANG_WARN_INT_CONVERSION = YES;
				CLANG_WARN_NON_LITERAL_NULL_CONVERSION = YES;
				CLANG_WARN_OBJC_IMPLICIT_RETAIN_SELF = YES;
				CLANG_WARN_OBJC_LITERAL_CONVERSION = YES;
				CLANG_WARN_OBJC_ROOT_CLASS = YES_ERROR;
				CLANG_WARN_QUOTED_INCLUDE_IN_FRAMEWORK_HEADER = YES;
				CLANG_WARN_RANGE_LOOP_ANALYSIS = YES;
				CLANG_WARN_STRICT_PROTOTYPES = YES;
				CLANG_WARN_SUSPICIOUS_MOVE = YES;
				CLANG_WARN_UNGUARDED_AVAILABILITY = YES_AGGRESSIVE;
				CLANG_WARN_UNREACHABLE_CODE = YES;
				CLANG_WARN__DUPLICATE_METHOD_MATCH = YES;
				COPY_PHASE_STRIP = NO;
				DEBUG_INFORMATION_FORMAT = "dwarf-with-dsym";
				ENABLE_NS_ASSERTIONS = NO;
				ENABLE_STRICT_OBJC_MSGSEND = YES;
				ENABLE_USER_SCRIPT_SANDBOXING = YES;
				GCC_C_LANGUAGE_STANDARD = gnu17;
				GCC_NO_COMMON_BLOCKS = YES;
				GCC_WARN_64_TO_32_BIT_CONVERSION = YES;
				GCC_WARN_ABOUT_RETURN_TYPE = YES_ERROR;
				GCC_WARN_UNDECLARED_SELECTOR = YES;
				GCC_WARN_UNINITIALIZED_AUTOS = YES_AGGRESSIVE;
				GCC_WARN_UNUSED_FUNCTION = YES;
				GCC_WARN_UNUSED_VARIABLE = YES;
				LOCALIZATION_PREFERS_STRING_CATALOGS = YES;
				MTL_ENABLE_DEBUG_INFO = NO;
				MTL_FAST_MATH = YES;
				SWIFT_COMPILATION_MODE = wholemodule;
			};
			name = Release;
		};
		BA5DC8F82CD16B5700B4F6DD /* Debug */ = {
			isa = XCBuildConfiguration;
			buildSettings = {
				ASSETCATALOG_COMPILER_APPICON_NAME = AppIcon;
				ASSETCATALOG_COMPILER_GLOBAL_ACCENT_COLOR_NAME = AccentColor;
				CODE_SIGN_ENTITLEMENTS = picFind/picFind.entitlements;
				CODE_SIGN_STYLE = Automatic;
				CURRENT_PROJECT_VERSION = 1;
				DEVELOPMENT_ASSET_PATHS = "\"picFind/Preview Content\"";
				DEVELOPMENT_TEAM = HCRWXC86V2;
				ENABLE_HARDENED_RUNTIME = YES;
				ENABLE_PREVIEWS = YES;
				GENERATE_INFOPLIST_FILE = YES;
				INFOPLIST_FILE = picFind/Info.plist;
				"INFOPLIST_KEY_UIApplicationSceneManifest_Generation[sdk=iphoneos*]" = YES;
				"INFOPLIST_KEY_UIApplicationSceneManifest_Generation[sdk=iphonesimulator*]" = YES;
				"INFOPLIST_KEY_UIApplicationSupportsIndirectInputEvents[sdk=iphoneos*]" = YES;
				"INFOPLIST_KEY_UIApplicationSupportsIndirectInputEvents[sdk=iphonesimulator*]" = YES;
				"INFOPLIST_KEY_UILaunchScreen_Generation[sdk=iphoneos*]" = YES;
				"INFOPLIST_KEY_UILaunchScreen_Generation[sdk=iphonesimulator*]" = YES;
				"INFOPLIST_KEY_UIStatusBarStyle[sdk=iphoneos*]" = UIStatusBarStyleDefault;
				"INFOPLIST_KEY_UIStatusBarStyle[sdk=iphonesimulator*]" = UIStatusBarStyleDefault;
				INFOPLIST_KEY_UISupportedInterfaceOrientations_iPad = "UIInterfaceOrientationPortrait UIInterfaceOrientationPortraitUpsideDown UIInterfaceOrientationLandscapeLeft UIInterfaceOrientationLandscapeRight";
				INFOPLIST_KEY_UISupportedInterfaceOrientations_iPhone = "UIInterfaceOrientationPortrait UIInterfaceOrientationLandscapeLeft UIInterfaceOrientationLandscapeRight";
				IPHONEOS_DEPLOYMENT_TARGET = 17.2;
				LD_RUNPATH_SEARCH_PATHS = "@executable_path/Frameworks";
				"LD_RUNPATH_SEARCH_PATHS[sdk=macosx*]" = "@executable_path/../Frameworks";
				MACOSX_DEPLOYMENT_TARGET = 14.0;
				MARKETING_VERSION = 1.0;
				PRODUCT_BUNDLE_IDENTIFIER = net.marwanaziz.picfind.picFind;
				PRODUCT_NAME = "$(TARGET_NAME)";
				SDKROOT = auto;
				SUPPORTED_PLATFORMS = "iphoneos iphonesimulator macosx";
				SWIFT_EMIT_LOC_STRINGS = YES;
				SWIFT_VERSION = 5.0;
				TARGETED_DEVICE_FAMILY = "1,2";
			};
			name = Debug;
		};
		BA5DC8F92CD16B5700B4F6DD /* Release */ = {
			isa = XCBuildConfiguration;
			buildSettings = {
				ASSETCATALOG_COMPILER_APPICON_NAME = AppIcon;
				ASSETCATALOG_COMPILER_GLOBAL_ACCENT_COLOR_NAME = AccentColor;
				CODE_SIGN_ENTITLEMENTS = picFind/picFind.entitlements;
				CODE_SIGN_STYLE = Automatic;
				CURRENT_PROJECT_VERSION = 1;
				DEVELOPMENT_ASSET_PATHS = "\"picFind/Preview Content\"";
				DEVELOPMENT_TEAM = HCRWXC86V2;
				ENABLE_HARDENED_RUNTIME = YES;
				ENABLE_PREVIEWS = YES;
				GENERATE_INFOPLIST_FILE = YES;
				INFOPLIST_FILE = picFind/Info.plist;
				"INFOPLIST_KEY_UIApplicationSceneManifest_Generation[sdk=iphoneos*]" = YES;
				"INFOPLIST_KEY_UIApplicationSceneManifest_Generation[sdk=iphonesimulator*]" = YES;
				"INFOPLIST_KEY_UIApplicationSupportsIndirectInputEvents[sdk=iphoneos*]" = YES;
				"INFOPLIST_KEY_UIApplicationSupportsIndirectInputEvents[sdk=iphonesimulator*]" = YES;
				"INFOPLIST_KEY_UILaunchScreen_Generation[sdk=iphoneos*]" = YES;
				"INFOPLIST_KEY_UILaunchScreen_Generation[sdk=iphonesimulator*]" = YES;
				"INFOPLIST_KEY_UIStatusBarStyle[sdk=iphoneos*]" = UIStatusBarStyleDefault;
				"INFOPLIST_KEY_UIStatusBarStyle[sdk=iphonesimulator*]" = UIStatusBarStyleDefault;
				INFOPLIST_KEY_UISupportedInterfaceOrientations_iPad = "UIInterfaceOrientationPortrait UIInterfaceOrientationPortraitUpsideDown UIInterfaceOrientationLandscapeLeft UIInterfaceOrientationLandscapeRight";
				INFOPLIST_KEY_UISupportedInterfaceOrientations_iPhone = "UIInterfaceOrientationPortrait UIInterfaceOrientationLandscapeLeft UIInterfaceOrientationLandscapeRight";
				IPHONEOS_DEPLOYMENT_TARGET = 17.2;
				LD_RUNPATH_SEARCH_PATHS = "@executable_path/Frameworks";
				"LD_RUNPATH_SEARCH_PATHS[sdk=macosx*]" = "@executable_path/../Frameworks";
				MACOSX_DEPLOYMENT_TARGET = 14.0;
				MARKETING_VERSION = 1.0;
				PRODUCT_BUNDLE_IDENTIFIER = net.marwanaziz.picfind.picFind;
				PRODUCT_NAME = "$(TARGET_NAME)";
				SDKROOT = auto;
				SUPPORTED_PLATFORMS = "iphoneos iphonesimulator macosx";
				SWIFT_EMIT_LOC_STRINGS = YES;
				SWIFT_VERSION = 5.0;
				TARGETED_DEVICE_FAMILY = "1,2";
			};
			name = Release;
		};
		BA5DC8FB2CD16B5700B4F6DD /* Debug */ = {
			isa = XCBuildConfiguration;
			buildSettings = {
				ALWAYS_EMBED_SWIFT_STANDARD_LIBRARIES = YES;
				BUNDLE_LOADER = "$(TEST_HOST)";
				CODE_SIGN_STYLE = Automatic;
				CURRENT_PROJECT_VERSION = 1;
				DEVELOPMENT_TEAM = HCRWXC86V2;
				GENERATE_INFOPLIST_FILE = YES;
				IPHONEOS_DEPLOYMENT_TARGET = 17.2;
				MACOSX_DEPLOYMENT_TARGET = 14.1;
				MARKETING_VERSION = 1.0;
				PRODUCT_BUNDLE_IDENTIFIER = net.marwanaziz.picfind.picFindTests;
				PRODUCT_NAME = "$(TARGET_NAME)";
				SDKROOT = auto;
				SUPPORTED_PLATFORMS = "iphoneos iphonesimulator macosx";
				SWIFT_EMIT_LOC_STRINGS = NO;
				SWIFT_VERSION = 5.0;
				TARGETED_DEVICE_FAMILY = "1,2";
				TEST_HOST = "$(BUILT_PRODUCTS_DIR)/picFind.app/$(BUNDLE_EXECUTABLE_FOLDER_PATH)/picFind";
			};
			name = Debug;
		};
		BA5DC8FC2CD16B5700B4F6DD /* Release */ = {
			isa = XCBuildConfiguration;
			buildSettings = {
				ALWAYS_EMBED_SWIFT_STANDARD_LIBRARIES = YES;
				BUNDLE_LOADER = "$(TEST_HOST)";
				CODE_SIGN_STYLE = Automatic;
				CURRENT_PROJECT_VERSION = 1;
				DEVELOPMENT_TEAM = HCRWXC86V2;
				GENERATE_INFOPLIST_FILE = YES;
				IPHONEOS_DEPLOYMENT_TARGET = 17.2;
				MACOSX_DEPLOYMENT_TARGET = 14.1;
				MARKETING_VERSION = 1.0;
				PRODUCT_BUNDLE_IDENTIFIER = net.marwanaziz.picfind.picFindTests;
				PRODUCT_NAME = "$(TARGET_NAME)";
				SDKROOT = auto;
				SUPPORTED_PLATFORMS = "iphoneos iphonesimulator macosx";
				SWIFT_EMIT_LOC_STRINGS = NO;
				SWIFT_VERSION = 5.0;
				TARGETED_DEVICE_FAMILY = "1,2";
				TEST_HOST = "$(BUILT_PRODUCTS_DIR)/picFind.app/$(BUNDLE_EXECUTABLE_FOLDER_PATH)/picFind";
			};
			name = Release;
		};
		BA5DC8FE2CD16B5700B4F6DD /* Debug */ = {
			isa = XCBuildConfiguration;
			buildSettings = {
				ALWAYS_EMBED_SWIFT_STANDARD_LIBRARIES = YES;
				CODE_SIGN_STYLE = Automatic;
				CURRENT_PROJECT_VERSION = 1;
				DEVELOPMENT_TEAM = HCRWXC86V2;
				GENERATE_INFOPLIST_FILE = YES;
				IPHONEOS_DEPLOYMENT_TARGET = 17.2;
				MACOSX_DEPLOYMENT_TARGET = 14.1;
				MARKETING_VERSION = 1.0;
				PRODUCT_BUNDLE_IDENTIFIER = net.marwanaziz.picfind.picFindUITests;
				PRODUCT_NAME = "$(TARGET_NAME)";
				SDKROOT = auto;
				SUPPORTED_PLATFORMS = "iphoneos iphonesimulator macosx";
				SWIFT_EMIT_LOC_STRINGS = NO;
				SWIFT_VERSION = 5.0;
				TARGETED_DEVICE_FAMILY = "1,2";
				TEST_TARGET_NAME = picFind;
			};
			name = Debug;
		};
		BA5DC8FF2CD16B5700B4F6DD /* Release */ = {
			isa = XCBuildConfiguration;
			buildSettings = {
				ALWAYS_EMBED_SWIFT_STANDARD_LIBRARIES = YES;
				CODE_SIGN_STYLE = Automatic;
				CURRENT_PROJECT_VERSION = 1;
				DEVELOPMENT_TEAM = HCRWXC86V2;
				GENERATE_INFOPLIST_FILE = YES;
				IPHONEOS_DEPLOYMENT_TARGET = 17.2;
				MACOSX_DEPLOYMENT_TARGET = 14.1;
				MARKETING_VERSION = 1.0;
				PRODUCT_BUNDLE_IDENTIFIER = net.marwanaziz.picfind.picFindUITests;
				PRODUCT_NAME = "$(TARGET_NAME)";
				SDKROOT = auto;
				SUPPORTED_PLATFORMS = "iphoneos iphonesimulator macosx";
				SWIFT_EMIT_LOC_STRINGS = NO;
				SWIFT_VERSION = 5.0;
				TARGETED_DEVICE_FAMILY = "1,2";
				TEST_TARGET_NAME = picFind;
			};
			name = Release;
		};
/* End XCBuildConfiguration section */

/* Begin XCConfigurationList section */
		BA5DC8CB2CD16B5500B4F6DD /* Build configuration list for PBXProject "picFind" */ = {
			isa = XCConfigurationList;
			buildConfigurations = (
				BA5DC8F52CD16B5700B4F6DD /* Debug */,
				BA5DC8F62CD16B5700B4F6DD /* Release */,
			);
			defaultConfigurationIsVisible = 0;
			defaultConfigurationName = Release;
		};
		BA5DC8F72CD16B5700B4F6DD /* Build configuration list for PBXNativeTarget "picFind" */ = {
			isa = XCConfigurationList;
			buildConfigurations = (
				BA5DC8F82CD16B5700B4F6DD /* Debug */,
				BA5DC8F92CD16B5700B4F6DD /* Release */,
			);
			defaultConfigurationIsVisible = 0;
			defaultConfigurationName = Release;
		};
		BA5DC8FA2CD16B5700B4F6DD /* Build configuration list for PBXNativeTarget "picFindTests" */ = {
			isa = XCConfigurationList;
			buildConfigurations = (
				BA5DC8FB2CD16B5700B4F6DD /* Debug */,
				BA5DC8FC2CD16B5700B4F6DD /* Release */,
			);
			defaultConfigurationIsVisible = 0;
			defaultConfigurationName = Release;
		};
		BA5DC8FD2CD16B5700B4F6DD /* Build configuration list for PBXNativeTarget "picFindUITests" */ = {
			isa = XCConfigurationList;
			buildConfigurations = (
				BA5DC8FE2CD16B5700B4F6DD /* Debug */,
				BA5DC8FF2CD16B5700B4F6DD /* Release */,
			);
			defaultConfigurationIsVisible = 0;
			defaultConfigurationName = Release;
		};
/* End XCConfigurationList section */

/* Begin XCSwiftPackageProductDependency section */
		BA5DC90A2CD1A5FA00B4F6DD /* ApiServices */ = {
			isa = XCSwiftPackageProductDependency;
			productName = ApiServices;
		};
		BA9275892CD2C4BD003CA3CC /* AppStorage */ = {
			isa = XCSwiftPackageProductDependency;
			productName = AppStorage;
		};
/* End XCSwiftPackageProductDependency section */
	};
	rootObject = BA5DC8C82CD16B5500B4F6DD /* Project object */;
}
